// !$*UTF8*$!
{
	archiveVersion = 1;
	classes = {
	};
	objectVersion = 50;
	objects = {

/* Begin PBXBuildFile section */
		F77ABE96244F6EA000CCFCEC /* AppDelegate.swift in Sources */ = {isa = PBXBuildFile; fileRef = F77ABE95244F6EA000CCFCEC /* AppDelegate.swift */; };
		F77ABE98244F6EA000CCFCEC /* SceneDelegate.swift in Sources */ = {isa = PBXBuildFile; fileRef = F77ABE97244F6EA000CCFCEC /* SceneDelegate.swift */; };
		F77ABE9A244F6EA000CCFCEC /* ViewController.swift in Sources */ = {isa = PBXBuildFile; fileRef = F77ABE99244F6EA000CCFCEC /* ViewController.swift */; };
		F77ABE9D244F6EA000CCFCEC /* Main.storyboard in Resources */ = {isa = PBXBuildFile; fileRef = F77ABE9B244F6EA000CCFCEC /* Main.storyboard */; };
		F77ABE9F244F6EA400CCFCEC /* Assets.xcassets in Resources */ = {isa = PBXBuildFile; fileRef = F77ABE9E244F6EA400CCFCEC /* Assets.xcassets */; };
		F77ABEA2244F6EA400CCFCEC /* LaunchScreen.storyboard in Resources */ = {isa = PBXBuildFile; fileRef = F77ABEA0244F6EA400CCFCEC /* LaunchScreen.storyboard */; };
/* End PBXBuildFile section */

/* Begin PBXFileReference section */
		F77ABE92244F6EA000CCFCEC /* MapleLabs.app */ = {isa = PBXFileReference; explicitFileType = wrapper.application; includeInIndex = 0; path = MapleLabs.app; sourceTree = BUILT_PRODUCTS_DIR; };
		F77ABE95244F6EA000CCFCEC /* AppDelegate.swift */ = {isa = PBXFileReference; lastKnownFileType = sourcecode.swift; path = AppDelegate.swift; sourceTree = "<group>"; };
		F77ABE97244F6EA000CCFCEC /* SceneDelegate.swift */ = {isa = PBXFileReference; lastKnownFileType = sourcecode.swift; path = SceneDelegate.swift; sourceTree = "<group>"; };
		F77ABE99244F6EA000CCFCEC /* ViewController.swift */ = {isa = PBXFileReference; lastKnownFileType = sourcecode.swift; path = ViewController.swift; sourceTree = "<group>"; };
		F77ABE9C244F6EA000CCFCEC /* Base */ = {isa = PBXFileReference; lastKnownFileType = file.storyboard; name = Base; path = Base.lproj/Main.storyboard; sourceTree = "<group>"; };
		F77ABE9E244F6EA400CCFCEC /* Assets.xcassets */ = {isa = PBXFileReference; lastKnownFileType = folder.assetcatalog; path = Assets.xcassets; sourceTree = "<group>"; };
		F77ABEA1244F6EA400CCFCEC /* Base */ = {isa = PBXFileReference; lastKnownFileType = file.storyboard; name = Base; path = Base.lproj/LaunchScreen.storyboard; sourceTree = "<group>"; };
		F77ABEA3244F6EA400CCFCEC /* Info.plist */ = {isa = PBXFileReference; lastKnownFileType = text.plist.xml; path = Info.plist; sourceTree = "<group>"; };
/* End PBXFileReference section */

/* Begin PBXFrameworksBuildPhase section */
		F77ABE8F244F6EA000CCFCEC /* Frameworks */ = {
			isa = PBXFrameworksBuildPhase;
			buildActionMask = 2147483647;
			files = (
			);
			runOnlyForDeploymentPostprocessing = 0;
		};
/* End PBXFrameworksBuildPhase section */

/* Begin PBXGroup section */
		F77ABE89244F6EA000CCFCEC = {
			isa = PBXGroup;
			children = (
				F77ABE94244F6EA000CCFCEC /* MapleLabs */,
				F77ABE93244F6EA000CCFCEC /* Products */,
			);
			sourceTree = "<group>";
		};
		F77ABE93244F6EA000CCFCEC /* Products */ = {
			isa = PBXGroup;
			children = (
				F77ABE92244F6EA000CCFCEC /* MapleLabs.app */,
			);
			name = Products;
			sourceTree = "<group>";
		};
		F77ABE94244F6EA000CCFCEC /* MapleLabs */ = {
			isa = PBXGroup;
			children = (
				F77ABE95244F6EA000CCFCEC /* AppDelegate.swift */,
				F77ABE97244F6EA000CCFCEC /* SceneDelegate.swift */,
				F77ABE99244F6EA000CCFCEC /* ViewController.swift */,
				F77ABE9B244F6EA000CCFCEC /* Main.storyboard */,
				F77ABE9E244F6EA400CCFCEC /* Assets.xcassets */,
				F77ABEA0244F6EA400CCFCEC /* LaunchScreen.storyboard */,
				F77ABEA3244F6EA400CCFCEC /* Info.plist */,
			);
			path = MapleLabs;
			sourceTree = "<group>";
		};
/* End PBXGroup section */

/* Begin PBXNativeTarget section */
		F77ABE91244F6EA000CCFCEC /* MapleLabs */ = {
			isa = PBXNativeTarget;
			buildConfigurationList = F77ABEA6244F6EA400CCFCEC /* Build configuration list for PBXNativeTarget "MapleLabs" */;
			buildPhases = (
				F77ABE8E244F6EA000CCFCEC /* Sources */,
				F77ABE8F244F6EA000CCFCEC /* Frameworks */,
				F77ABE90244F6EA000CCFCEC /* Resources */,
			);
			buildRules = (
			);
			dependencies = (
			);
			name = MapleLabs;
			productName = MapleLabs;
			productReference = F77ABE92244F6EA000CCFCEC /* MapleLabs.app */;
			productType = "com.apple.product-type.application";
		};
/* End PBXNativeTarget section */

/* Begin PBXProject section */
		F77ABE8A244F6EA000CCFCEC /* Project object */ = {
			isa = PBXProject;
			attributes = {
				LastSwiftUpdateCheck = 1140;
				LastUpgradeCheck = 1140;
				ORGANIZATIONNAME = "Nguyen Chau Chieu";
				TargetAttributes = {
					F77ABE91244F6EA000CCFCEC = {
						CreatedOnToolsVersion = 11.4.1;
					};
				};
			};
			buildConfigurationList = F77ABE8D244F6EA000CCFCEC /* Build configuration list for PBXProject "MapleLabs" */;
			compatibilityVersion = "Xcode 9.3";
			developmentRegion = en;
			hasScannedForEncodings = 0;
			knownRegions = (
				en,
				Base,
			);
			mainGroup = F77ABE89244F6EA000CCFCEC;
			productRefGroup = F77ABE93244F6EA000CCFCEC /* Products */;
			projectDirPath = "";
			projectRoot = "";
			targets = (
				F77ABE91244F6EA000CCFCEC /* MapleLabs */,
			);
		};
/* End PBXProject section */

/* Begin PBXResourcesBuildPhase section */
		F77ABE90244F6EA000CCFCEC /* Resources */ = {
			isa = PBXResourcesBuildPhase;
			buildActionMask = 2147483647;
			files = (
				F77ABEA2244F6EA400CCFCEC /* LaunchScreen.storyboard in Resources */,
				F77ABE9F244F6EA400CCFCEC /* Assets.xcassets in Resources */,
				F77ABE9D244F6EA000CCFCEC /* Main.storyboard in Resources */,
			);
			runOnlyForDeploymentPostprocessing = 0;
		};
/* End PBXResourcesBuildPhase section */

/* Begin PBXSourcesBuildPhase section */
		F77ABE8E244F6EA000CCFCEC /* Sources */ = {
			isa = PBXSourcesBuildPhase;
			buildActionMask = 2147483647;
			files = (
				F77ABE9A244F6EA000CCFCEC /* ViewController.swift in Sources */,
				F77ABE96244F6EA000CCFCEC /* AppDelegate.swift in Sources */,
				F77ABE98244F6EA000CCFCEC /* SceneDelegate.swift in Sources */,
			);
			runOnlyForDeploymentPostprocessing = 0;
		};
/* End PBXSourcesBuildPhase section */

/* Begin PBXVariantGroup section */
		F77ABE9B244F6EA000CCFCEC /* Main.storyboard */ = {
			isa = PBXVariantGroup;
			children = (
				F77ABE9C244F6EA000CCFCEC /* Base */,
			);
			name = Main.storyboard;
			sourceTree = "<group>";
		};
		F77ABEA0244F6EA400CCFCEC /* LaunchScreen.storyboard */ = {
			isa = PBXVariantGroup;
			children = (
				F77ABEA1244F6EA400CCFCEC /* Base */,
			);
			name = LaunchScreen.storyboard;
			sourceTree = "<group>";
		};
/* End PBXVariantGroup section */

/* Begin XCBuildConfiguration section */
		F77ABEA4244F6EA400CCFCEC /* Debug */ = {
			isa = XCBuildConfiguration;
			buildSettings = {
				ALWAYS_SEARCH_USER_PATHS = NO;
				CLANG_ANALYZER_NONNULL = YES;
				CLANG_ANALYZER_NUMBER_OBJECT_CONVERSION = YES_AGGRESSIVE;
				CLANG_CXX_LANGUAGE_STANDARD = "gnu++14";
				CLANG_CXX_LIBRARY = "libc++";
				CLANG_ENABLE_MODULES = YES;
				CLANG_ENABLE_OBJC_ARC = YES;
				CLANG_ENABLE_OBJC_WEAK = YES;
				CLANG_WARN_BLOCK_CAPTURE_AUTORELEASING = YES;
				CLANG_WARN_BOOL_CONVERSION = YES;
				CLANG_WARN_COMMA = YES;
				CLANG_WARN_CONSTANT_CONVERSION = YES;
				CLANG_WARN_DEPRECATED_OBJC_IMPLEMENTATIONS = YES;
				CLANG_WARN_DIRECT_OBJC_ISA_USAGE = YES_ERROR;
				CLANG_WARN_DOCUMENTATION_COMMENTS = YES;
				CLANG_WARN_EMPTY_BODY = YES;
				CLANG_WARN_ENUM_CONVERSION = YES;
				CLANG_WARN_INFINITE_RECURSION = YES;
				CLANG_WARN_INT_CONVERSION = YES;
				CLANG_WARN_NON_LITERAL_NULL_CONVERSION = YES;
				CLANG_WARN_OBJC_IMPLICIT_RETAIN_SELF = YES;
				CLANG_WARN_OBJC_LITERAL_CONVERSION = YES;
				CLANG_WARN_OBJC_ROOT_CLASS = YES_ERROR;
				CLANG_WARN_RANGE_LOOP_ANALYSIS = YES;
				CLANG_WARN_STRICT_PROTOTYPES = YES;
				CLANG_WARN_SUSPICIOUS_MOVE = YES;
				CLANG_WARN_UNGUARDED_AVAILABILITY = YES_AGGRESSIVE;
				CLANG_WARN_UNREACHABLE_CODE = YES;
				CLANG_WARN__DUPLICATE_METHOD_MATCH = YES;
				COPY_PHASE_STRIP = NO;
				DEBUG_INFORMATION_FORMAT = dwarf;
				ENABLE_STRICT_OBJC_MSGSEND = YES;
				ENABLE_TESTABILITY = YES;
				GCC_C_LANGUAGE_STANDARD = gnu11;
				GCC_DYNAMIC_NO_PIC = NO;
				GCC_NO_COMMON_BLOCKS = YES;
				GCC_OPTIMIZATION_LEVEL = 0;
				GCC_PREPROCESSOR_DEFINITIONS = (
					"DEBUG=1",
					"$(inherited)",
				);
				GCC_WARN_64_TO_32_BIT_CONVERSION = YES;
				GCC_WARN_ABOUT_RETURN_TYPE = YES_ERROR;
				GCC_WARN_UNDECLARED_SELECTOR = YES;
				GCC_WARN_UNINITIALIZED_AUTOS = YES_AGGRESSIVE;
				GCC_WARN_UNUSED_FUNCTION = YES;
				GCC_WARN_UNUSED_VARIABLE = YES;
				IPHONEOS_DEPLOYMENT_TARGET = 13.4;
				MTL_ENABLE_DEBUG_INFO = INCLUDE_SOURCE;
				MTL_FAST_MATH = YES;
				ONLY_ACTIVE_ARCH = YES;
				SDKROOT = iphoneos;
				SWIFT_ACTIVE_COMPILATION_CONDITIONS = DEBUG;
				SWIFT_OPTIMIZATION_LEVEL = "-Onone";
			};
			name = Debug;
		};
		F77ABEA5244F6EA400CCFCEC /* Release */ = {
			isa = XCBuildConfiguration;
			buildSettings = {
				ALWAYS_SEARCH_USER_PATHS = NO;
				CLANG_ANALYZER_NONNULL = YES;
				CLANG_ANALYZER_NUMBER_OBJECT_CONVERSION = YES_AGGRESSIVE;
				CLANG_CXX_LANGUAGE_STANDARD = "gnu++14";
				CLANG_CXX_LIBRARY = "libc++";
				CLANG_ENABLE_MODULES = YES;
				CLANG_ENABLE_OBJC_ARC = YES;
				CLANG_ENABLE_OBJC_WEAK = YES;
				CLANG_WARN_BLOCK_CAPTURE_AUTORELEASING = YES;
				CLANG_WARN_BOOL_CONVERSION = YES;
				CLANG_WARN_COMMA = YES;
				CLANG_WARN_CONSTANT_CONVERSION = YES;
				CLANG_WARN_DEPRECATED_OBJC_IMPLEMENTATIONS = YES;
				CLANG_WARN_DIRECT_OBJC_ISA_USAGE = YES_ERROR;
				CLANG_WARN_DOCUMENTATION_COMMENTS = YES;
				CLANG_WARN_EMPTY_BODY = YES;
				CLANG_WARN_ENUM_CONVERSION = YES;
				CLANG_WARN_INFINITE_RECURSION = YES;
				CLANG_WARN_INT_CONVERSION = YES;
				CLANG_WARN_NON_LITERAL_NULL_CONVERSION = YES;
				CLANG_WARN_OBJC_IMPLICIT_RETAIN_SELF = YES;
				CLANG_WARN_OBJC_LITERAL_CONVERSION = YES;
				CLANG_WARN_OBJC_ROOT_CLASS = YES_ERROR;
				CLANG_WARN_RANGE_LOOP_ANALYSIS = YES;
				CLANG_WARN_STRICT_PROTOTYPES = YES;
				CLANG_WARN_SUSPICIOUS_MOVE = YES;
				CLANG_WARN_UNGUARDED_AVAILABILITY = YES_AGGRESSIVE;
				CLANG_WARN_UNREACHABLE_CODE = YES;
				CLANG_WARN__DUPLICATE_METHOD_MATCH = YES;
				COPY_PHASE_STRIP = NO;
				DEBUG_INFORMATION_FORMAT = "dwarf-with-dsym";
				ENABLE_NS_ASSERTIONS = NO;
				ENABLE_STRICT_OBJC_MSGSEND = YES;
				GCC_C_LANGUAGE_STANDARD = gnu11;
				GCC_NO_COMMON_BLOCKS = YES;
				GCC_WARN_64_TO_32_BIT_CONVERSION = YES;
				GCC_WARN_ABOUT_RETURN_TYPE = YES_ERROR;
				GCC_WARN_UNDECLARED_SELECTOR = YES;
				GCC_WARN_UNINITIALIZED_AUTOS = YES_AGGRESSIVE;
				GCC_WARN_UNUSED_FUNCTION = YES;
				GCC_WARN_UNUSED_VARIABLE = YES;
				IPHONEOS_DEPLOYMENT_TARGET = 13.4;
				MTL_ENABLE_DEBUG_INFO = NO;
				MTL_FAST_MATH = YES;
				SDKROOT = iphoneos;
				SWIFT_COMPILATION_MODE = wholemodule;
				SWIFT_OPTIMIZATION_LEVEL = "-O";
				VALIDATE_PRODUCT = YES;
			};
			name = Release;
		};
		F77ABEA7244F6EA400CCFCEC /* Debug */ = {
			isa = XCBuildConfiguration;
			buildSettings = {
				ASSETCATALOG_COMPILER_APPICON_NAME = AppIcon;
				CODE_SIGN_STYLE = Automatic;
				DEVELOPMENT_TEAM = K9KN8EQ6H2;
				INFOPLIST_FILE = MapleLabs/Info.plist;
				LD_RUNPATH_SEARCH_PATHS = (
					"$(inherited)",
					"@executable_path/Frameworks",
				);
				PRODUCT_BUNDLE_IDENTIFIER = com.nguyenchau.MapleLabs;
				PRODUCT_NAME = "$(TARGET_NAME)";
				SWIFT_VERSION = 5.0;
				TARGETED_DEVICE_FAMILY = "1,2";
			};
			name = Debug;
		};
		F77ABEA8244F6EA400CCFCEC /* Release */ = {
			isa = XCBuildConfiguration;
			buildSettings = {
				ASSETCATALOG_COMPILER_APPICON_NAME = AppIcon;
				CODE_SIGN_STYLE = Automatic;
				DEVELOPMENT_TEAM = K9KN8EQ6H2;
				INFOPLIST_FILE = MapleLabs/Info.plist;
				LD_RUNPATH_SEARCH_PATHS = (
					"$(inherited)",
					"@executable_path/Frameworks",
				);
				PRODUCT_BUNDLE_IDENTIFIER = com.nguyenchau.MapleLabs;
				PRODUCT_NAME = "$(TARGET_NAME)";
				SWIFT_VERSION = 5.0;
				TARGETED_DEVICE_FAMILY = "1,2";
			};
			name = Release;
		};
/* End XCBuildConfiguration section */

/* Begin XCConfigurationList section */
		F77ABE8D244F6EA000CCFCEC /* Build configuration list for PBXProject "MapleLabs" */ = {
			isa = XCConfigurationList;
			buildConfigurations = (
				F77ABEA4244F6EA400CCFCEC /* Debug */,
				F77ABEA5244F6EA400CCFCEC /* Release */,
			);
			defaultConfigurationIsVisible = 0;
			defaultConfigurationName = Release;
		};
		F77ABEA6244F6EA400CCFCEC /* Build configuration list for PBXNativeTarget "MapleLabs" */ = {
			isa = XCConfigurationList;
			buildConfigurations = (
				F77ABEA7244F6EA400CCFCEC /* Debug */,
				F77ABEA8244F6EA400CCFCEC /* Release */,
			);
			defaultConfigurationIsVisible = 0;
			defaultConfigurationName = Release;
		};
/* End XCConfigurationList section */
	};
	rootObject = F77ABE8A244F6EA000CCFCEC /* Project object */;
}
